
Microsoft Visual Studio Solution File, Format Version 12.00
# Visual Studio Version 17
VisualStudioVersion = 17.11.35303.130
MinimumVisualStudioVersion = 10.0.40219.1
Project("{FAE04EC0-301F-11D3-BF4B-00C04F79EFBC}") = "FSearch", "FSearch\FSearch.csproj", "{27EF635C-5C95-40AB-AB5F-079673904717}"
EndProject
Global
	GlobalSection(SolutionConfigurationPlatforms) = preSolution
		Debug|Any CPU = Debug|Any CPU
		Release|Any CPU = Release|Any CPU
	EndGlobalSection
	GlobalSection(ProjectConfigurationPlatforms) = postSolution
		{27EF635C-5C95-40AB-AB5F-079673904717}.Debug|Any CPU.ActiveCfg = Debug|Any CPU
		{27EF635C-5C95-40AB-AB5F-079673904717}.Debug|Any CPU.Build.0 = Debug|Any CPU
		{27EF635C-5C95-40AB-AB5F-079673904717}.Release|Any CPU.ActiveCfg = Release|Any CPU
		{27EF635C-5C95-40AB-AB5F-079673904717}.Release|Any CPU.Build.0 = Release|Any CPU
	EndGlobalSection
	GlobalSection(SolutionProperties) = preSolution
		HideSolutionNode = FALSE
	EndGlobalSection
	GlobalSection(ExtensibilityGlobals) = postSolution
		SolutionGuid = {F6DB8455-8E6A-4BE5-A374-2909682FC705}
	EndGlobalSection
EndGlobal
